
Microsoft Visual Studio Solution File, Format Version 12.00
# Visual Studio 15
VisualStudioVersion = 15.0.28307.136
MinimumVisualStudioVersion = 10.0.40219.1
Project("{FAE04EC0-301F-11D3-BF4B-00C04F79EFBC}") = "ArmyViewer.Web", "ArmyViewer.Web\ArmyViewer.Web.csproj", "{4F63E5D2-AFA7-4C6F-9A3F-C98E4F251248}"
EndProject
Project("{FAE04EC0-301F-11D3-BF4B-00C04F79EFBC}") = "ArmyViewer.Service", "ArmyViewer.Service\ArmyViewer.Service.csproj", "{061EE4CA-C12F-4425-8E72-CABFFC8E17A4}"
EndProject
Project("{FAE04EC0-301F-11D3-BF4B-00C04F79EFBC}") = "ArmyViewer.Data", "ArmyViewer.Data\ArmyViewer.Data.csproj", "{A6B586C0-1160-4E37-9C5D-CBD554D14EBD}"
EndProject
Global
	GlobalSection(SolutionConfigurationPlatforms) = preSolution
		Debug|Any CPU = Debug|Any CPU
		Release|Any CPU = Release|Any CPU
	EndGlobalSection
	GlobalSection(ProjectConfigurationPlatforms) = postSolution
		{4F63E5D2-AFA7-4C6F-9A3F-C98E4F251248}.Debug|Any CPU.ActiveCfg = Debug|Any CPU
		{4F63E5D2-AFA7-4C6F-9A3F-C98E4F251248}.Debug|Any CPU.Build.0 = Debug|Any CPU
		{4F63E5D2-AFA7-4C6F-9A3F-C98E4F251248}.Release|Any CPU.ActiveCfg = Release|Any CPU
		{4F63E5D2-AFA7-4C6F-9A3F-C98E4F251248}.Release|Any CPU.Build.0 = Release|Any CPU
		{061EE4CA-C12F-4425-8E72-CABFFC8E17A4}.Debug|Any CPU.ActiveCfg = Debug|Any CPU
		{061EE4CA-C12F-4425-8E72-CABFFC8E17A4}.Debug|Any CPU.Build.0 = Debug|Any CPU
		{061EE4CA-C12F-4425-8E72-CABFFC8E17A4}.Release|Any CPU.ActiveCfg = Release|Any CPU
		{061EE4CA-C12F-4425-8E72-CABFFC8E17A4}.Release|Any CPU.Build.0 = Release|Any CPU
		{A6B586C0-1160-4E37-9C5D-CBD554D14EBD}.Debug|Any CPU.ActiveCfg = Debug|Any CPU
		{A6B586C0-1160-4E37-9C5D-CBD554D14EBD}.Debug|Any CPU.Build.0 = Debug|Any CPU
		{A6B586C0-1160-4E37-9C5D-CBD554D14EBD}.Release|Any CPU.ActiveCfg = Release|Any CPU
		{A6B586C0-1160-4E37-9C5D-CBD554D14EBD}.Release|Any CPU.Build.0 = Release|Any CPU
	EndGlobalSection
	GlobalSection(SolutionProperties) = preSolution
		HideSolutionNode = FALSE
	EndGlobalSection
	GlobalSection(ExtensibilityGlobals) = postSolution
		SolutionGuid = {E3609C5B-B8E2-40C8-88E1-86F7281751D2}
	EndGlobalSection
EndGlobal
